
Microsoft Visual Studio Solution File, Format Version 12.00
# Visual Studio 2013
VisualStudioVersion = 12.0.31101.0
MinimumVisualStudioVersion = 10.0.40219.1
Project("{FAE04EC0-301F-11D3-BF4B-00C04F79EFBC}") = "LegacyCode", "LegacyCode\LegacyCode.csproj", "{62E61BA8-77BC-4442-A770-96802187B5C7}"
EndProject
Project("{FAE04EC0-301F-11D3-BF4B-00C04F79EFBC}") = "LegacyCode.Tests", "LegacyCode.Tests\LegacyCode.Tests.csproj", "{6D7BFE4F-6A3B-42F7-BA63-1A56C85B14C6}"
EndProject
Project("{2150E333-8FDC-42A3-9474-1A3956D46DE8}") = ".nuget", ".nuget", "{AA11E2F7-4571-4022-9684-357FB4939CCD}"
	ProjectSection(SolutionItems) = preProject
		.nuget\packages.config = .nuget\packages.config
	EndProjectSection
EndProject
Project("{FAE04EC0-301F-11D3-BF4B-00C04F79EFBC}") = "Chapter.8", "Chapter.8\Chapter.8.csproj", "{BCB354D1-FC2E-4FE4-A14F-A48617EE9DD3}"
EndProject
Project("{FAE04EC0-301F-11D3-BF4B-00C04F79EFBC}") = "Chapter.8.Unmodified", "Chapter.8.Unmodified\Chapter.8.Unmodified.csproj", "{760060D1-0638-4817-A5F9-AF70E8B4A7D7}"
EndProject
Global
	GlobalSection(SolutionConfigurationPlatforms) = preSolution
		Debug|Any CPU = Debug|Any CPU
		Release|Any CPU = Release|Any CPU
	EndGlobalSection
	GlobalSection(ProjectConfigurationPlatforms) = postSolution
		{62E61BA8-77BC-4442-A770-96802187B5C7}.Debug|Any CPU.ActiveCfg = Debug|Any CPU
		{62E61BA8-77BC-4442-A770-96802187B5C7}.Debug|Any CPU.Build.0 = Debug|Any CPU
		{62E61BA8-77BC-4442-A770-96802187B5C7}.Release|Any CPU.ActiveCfg = Release|Any CPU
		{62E61BA8-77BC-4442-A770-96802187B5C7}.Release|Any CPU.Build.0 = Release|Any CPU
		{6D7BFE4F-6A3B-42F7-BA63-1A56C85B14C6}.Debug|Any CPU.ActiveCfg = Debug|Any CPU
		{6D7BFE4F-6A3B-42F7-BA63-1A56C85B14C6}.Debug|Any CPU.Build.0 = Debug|Any CPU
		{6D7BFE4F-6A3B-42F7-BA63-1A56C85B14C6}.Release|Any CPU.ActiveCfg = Release|Any CPU
		{6D7BFE4F-6A3B-42F7-BA63-1A56C85B14C6}.Release|Any CPU.Build.0 = Release|Any CPU
		{BCB354D1-FC2E-4FE4-A14F-A48617EE9DD3}.Debug|Any CPU.ActiveCfg = Debug|Any CPU
		{BCB354D1-FC2E-4FE4-A14F-A48617EE9DD3}.Debug|Any CPU.Build.0 = Debug|Any CPU
		{BCB354D1-FC2E-4FE4-A14F-A48617EE9DD3}.Release|Any CPU.ActiveCfg = Release|Any CPU
		{BCB354D1-FC2E-4FE4-A14F-A48617EE9DD3}.Release|Any CPU.Build.0 = Release|Any CPU
		{760060D1-0638-4817-A5F9-AF70E8B4A7D7}.Debug|Any CPU.ActiveCfg = Debug|Any CPU
		{760060D1-0638-4817-A5F9-AF70E8B4A7D7}.Debug|Any CPU.Build.0 = Debug|Any CPU
		{760060D1-0638-4817-A5F9-AF70E8B4A7D7}.Release|Any CPU.ActiveCfg = Release|Any CPU
		{760060D1-0638-4817-A5F9-AF70E8B4A7D7}.Release|Any CPU.Build.0 = Release|Any CPU
	EndGlobalSection
	GlobalSection(SolutionProperties) = preSolution
		HideSolutionNode = FALSE
	EndGlobalSection
EndGlobal
